
Microsoft Visual Studio Solution File, Format Version 12.00
# Visual Studio Version 17
VisualStudioVersion = 17.2.32630.192
MinimumVisualStudioVersion = 10.0.40219.1
Project("{FAE04EC0-301F-11D3-BF4B-00C04F79EFBC}") = "OperatorExercise", "OperatorExercise.csproj", "{FD97A2CD-D663-425C-BA2A-153D6F5722D6}"
EndProject
Global
	GlobalSection(SolutionConfigurationPlatforms) = preSolution
		Debug|Any CPU = Debug|Any CPU
		Release|Any CPU = Release|Any CPU
	EndGlobalSection
	GlobalSection(ProjectConfigurationPlatforms) = postSolution
		{FD97A2CD-D663-425C-BA2A-153D6F5722D6}.Debug|Any CPU.ActiveCfg = Debug|Any CPU
		{FD97A2CD-D663-425C-BA2A-153D6F5722D6}.Debug|Any CPU.Build.0 = Debug|Any CPU
		{FD97A2CD-D663-425C-BA2A-153D6F5722D6}.Release|Any CPU.ActiveCfg = Release|Any CPU
		{FD97A2CD-D663-425C-BA2A-153D6F5722D6}.Release|Any CPU.Build.0 = Release|Any CPU
	EndGlobalSection
	GlobalSection(SolutionProperties) = preSolution
		HideSolutionNode = FALSE
	EndGlobalSection
	GlobalSection(ExtensibilityGlobals) = postSolution
		SolutionGuid = {0B8913D6-E5EB-42DB-B655-B08BE2FB9A12}
	EndGlobalSection
EndGlobal
